
Microsoft Visual Studio Solution File, Format Version 12.00
# Visual Studio Version 16
VisualStudioVersion = 16.0.31624.102
MinimumVisualStudioVersion = 10.0.40219.1
Project("{FAE04EC0-301F-11D3-BF4B-00C04F79EFBC}") = "jajboze", "jajboze\jajboze.csproj", "{502CBF9F-26EC-4A44-ACC9-B3485DF70E03}"
EndProject
Global
	GlobalSection(SolutionConfigurationPlatforms) = preSolution
		Debug|Any CPU = Debug|Any CPU
		Release|Any CPU = Release|Any CPU
	EndGlobalSection
	GlobalSection(ProjectConfigurationPlatforms) = postSolution
		{502CBF9F-26EC-4A44-ACC9-B3485DF70E03}.Debug|Any CPU.ActiveCfg = Debug|Any CPU
		{502CBF9F-26EC-4A44-ACC9-B3485DF70E03}.Debug|Any CPU.Build.0 = Debug|Any CPU
		{502CBF9F-26EC-4A44-ACC9-B3485DF70E03}.Release|Any CPU.ActiveCfg = Release|Any CPU
		{502CBF9F-26EC-4A44-ACC9-B3485DF70E03}.Release|Any CPU.Build.0 = Release|Any CPU
	EndGlobalSection
	GlobalSection(SolutionProperties) = preSolution
		HideSolutionNode = FALSE
	EndGlobalSection
	GlobalSection(ExtensibilityGlobals) = postSolution
		SolutionGuid = {D1D7D906-E9F7-4B47-95AF-1B54A3B9833E}
	EndGlobalSection
EndGlobal
